// !$*UTF8*$!
{
	archiveVersion = 1;
	classes = {
	};
	objectVersion = 50;
	objects = {

/* Begin PBXBuildFile section */
		4E2BC006266FC36A00BC7AA1 /* EpisodesBodyView.swift in Sources */ = {isa = PBXBuildFile; fileRef = 4E2BC005266FC36A00BC7AA1 /* EpisodesBodyView.swift */; };
		4E2BC00A266FCBD200BC7AA1 /* EpisodeView.swift in Sources */ = {isa = PBXBuildFile; fileRef = 4E2BC009266FCBD200BC7AA1 /* EpisodeView.swift */; };
		4E54C7E0266E63B5001D004A /* FiveMinuteMysteriesApp.swift in Sources */ = {isa = PBXBuildFile; fileRef = 4E54C7DF266E63B5001D004A /* FiveMinuteMysteriesApp.swift */; };
		4E54C7E2266E63B5001D004A /* StoryViewOne.swift in Sources */ = {isa = PBXBuildFile; fileRef = 4E54C7E1266E63B5001D004A /* StoryViewOne.swift */; };
		4E54C7E4266E63B7001D004A /* Assets.xcassets in Resources */ = {isa = PBXBuildFile; fileRef = 4E54C7E3266E63B7001D004A /* Assets.xcassets */; };
		4E54C7E7266E63B7001D004A /* Preview Assets.xcassets in Resources */ = {isa = PBXBuildFile; fileRef = 4E54C7E6266E63B7001D004A /* Preview Assets.xcassets */; };
		4E54C7F1266E63E6001D004A /* fmmtest.json in Resources */ = {isa = PBXBuildFile; fileRef = 4E54C7F0266E63E6001D004A /* fmmtest.json */; };
		4E54C7F3266E6422001D004A /* TestModel.swift in Sources */ = {isa = PBXBuildFile; fileRef = 4E54C7F2266E6422001D004A /* TestModel.swift */; };
		4E54C7F6266E65C5001D004A /* CodableBundleExtension.swift in Sources */ = {isa = PBXBuildFile; fileRef = 4E54C7F5266E65C5001D004A /* CodableBundleExtension.swift */; };
		4E54C7F9266E66D9001D004A /* Constant.swift in Sources */ = {isa = PBXBuildFile; fileRef = 4E54C7F8266E66D9001D004A /* Constant.swift */; };
		4E54C7FB266E6D04001D004A /* StoryOneBodyView.swift in Sources */ = {isa = PBXBuildFile; fileRef = 4E54C7FA266E6D04001D004A /* StoryOneBodyView.swift */; };
		4E54C7FD266E6F41001D004A /* QuestionsView.swift in Sources */ = {isa = PBXBuildFile; fileRef = 4E54C7FC266E6F41001D004A /* QuestionsView.swift */; };
		4E54C7FF266E6FD9001D004A /* ChoiceButtonView.swift in Sources */ = {isa = PBXBuildFile; fileRef = 4E54C7FE266E6FD9001D004A /* ChoiceButtonView.swift */; };
		4E54C803266E8359001D004A /* StoryViewTwo.swift in Sources */ = {isa = PBXBuildFile; fileRef = 4E54C802266E8359001D004A /* StoryViewTwo.swift */; };
		4E54C805266E87D3001D004A /* TestPage.swift in Sources */ = {isa = PBXBuildFile; fileRef = 4E54C804266E87D3001D004A /* TestPage.swift */; };
		4E54C807266EBFAA001D004A /* SourceOfTruth.swift in Sources */ = {isa = PBXBuildFile; fileRef = 4E54C806266EBFAA001D004A /* SourceOfTruth.swift */; };
		4E54C809266EC7E2001D004A /* StoryTwoBodyView.swift in Sources */ = {isa = PBXBuildFile; fileRef = 4E54C808266EC7E2001D004A /* StoryTwoBodyView.swift */; };
		4E54C810266EF1A8001D004A /* StoryThreeBodyView.swift in Sources */ = {isa = PBXBuildFile; fileRef = 4E54C80F266EF1A8001D004A /* StoryThreeBodyView.swift */; };
		4E54C812266EF1E6001D004A /* StoryViewThree.swift in Sources */ = {isa = PBXBuildFile; fileRef = 4E54C811266EF1E6001D004A /* StoryViewThree.swift */; };
		4E54C815266EF297001D004A /* StoryFourBodyView.swift in Sources */ = {isa = PBXBuildFile; fileRef = 4E54C814266EF297001D004A /* StoryFourBodyView.swift */; };
		4E54C817266EF2A6001D004A /* StoryViewFour.swift in Sources */ = {isa = PBXBuildFile; fileRef = 4E54C816266EF2A6001D004A /* StoryViewFour.swift */; };
		4E54C819266FB0D0001D004A /* fmmepOne.json in Resources */ = {isa = PBXBuildFile; fileRef = 4E54C818266FB0D0001D004A /* fmmepOne.json */; };
		4E54C81B266FB4BF001D004A /* EpOneModel.swift in Sources */ = {isa = PBXBuildFile; fileRef = 4E54C81A266FB4BF001D004A /* EpOneModel.swift */; };
/* End PBXBuildFile section */

/* Begin PBXFileReference section */
		4E2BC005266FC36A00BC7AA1 /* EpisodesBodyView.swift */ = {isa = PBXFileReference; lastKnownFileType = sourcecode.swift; path = EpisodesBodyView.swift; sourceTree = "<group>"; };
		4E2BC009266FCBD200BC7AA1 /* EpisodeView.swift */ = {isa = PBXFileReference; lastKnownFileType = sourcecode.swift; path = EpisodeView.swift; sourceTree = "<group>"; };
		4E54C7DC266E63B5001D004A /* FiveMinuteMysteries.app */ = {isa = PBXFileReference; explicitFileType = wrapper.application; includeInIndex = 0; path = FiveMinuteMysteries.app; sourceTree = BUILT_PRODUCTS_DIR; };
		4E54C7DF266E63B5001D004A /* FiveMinuteMysteriesApp.swift */ = {isa = PBXFileReference; lastKnownFileType = sourcecode.swift; path = FiveMinuteMysteriesApp.swift; sourceTree = "<group>"; };
		4E54C7E1266E63B5001D004A /* StoryViewOne.swift */ = {isa = PBXFileReference; lastKnownFileType = sourcecode.swift; path = StoryViewOne.swift; sourceTree = "<group>"; };
		4E54C7E3266E63B7001D004A /* Assets.xcassets */ = {isa = PBXFileReference; lastKnownFileType = folder.assetcatalog; path = Assets.xcassets; sourceTree = "<group>"; };
		4E54C7E6266E63B7001D004A /* Preview Assets.xcassets */ = {isa = PBXFileReference; lastKnownFileType = folder.assetcatalog; path = "Preview Assets.xcassets"; sourceTree = "<group>"; };
		4E54C7E8266E63B7001D004A /* Info.plist */ = {isa = PBXFileReference; lastKnownFileType = text.plist.xml; path = Info.plist; sourceTree = "<group>"; };
		4E54C7F0266E63E6001D004A /* fmmtest.json */ = {isa = PBXFileReference; fileEncoding = 4; lastKnownFileType = text.json; path = fmmtest.json; sourceTree = "<group>"; };
		4E54C7F2266E6422001D004A /* TestModel.swift */ = {isa = PBXFileReference; lastKnownFileType = sourcecode.swift; path = TestModel.swift; sourceTree = "<group>"; };
		4E54C7F5266E65C5001D004A /* CodableBundleExtension.swift */ = {isa = PBXFileReference; lastKnownFileType = sourcecode.swift; path = CodableBundleExtension.swift; sourceTree = "<group>"; };
		4E54C7F8266E66D9001D004A /* Constant.swift */ = {isa = PBXFileReference; lastKnownFileType = sourcecode.swift; path = Constant.swift; sourceTree = "<group>"; };
		4E54C7FA266E6D04001D004A /* StoryOneBodyView.swift */ = {isa = PBXFileReference; lastKnownFileType = sourcecode.swift; path = StoryOneBodyView.swift; sourceTree = "<group>"; };
		4E54C7FC266E6F41001D004A /* QuestionsView.swift */ = {isa = PBXFileReference; lastKnownFileType = sourcecode.swift; path = QuestionsView.swift; sourceTree = "<group>"; };
		4E54C7FE266E6FD9001D004A /* ChoiceButtonView.swift */ = {isa = PBXFileReference; lastKnownFileType = sourcecode.swift; path = ChoiceButtonView.swift; sourceTree = "<group>"; };
		4E54C802266E8359001D004A /* StoryViewTwo.swift */ = {isa = PBXFileReference; lastKnownFileType = sourcecode.swift; path = StoryViewTwo.swift; sourceTree = "<group>"; };
		4E54C804266E87D3001D004A /* TestPage.swift */ = {isa = PBXFileReference; lastKnownFileType = sourcecode.swift; path = TestPage.swift; sourceTree = "<group>"; };
		4E54C806266EBFAA001D004A /* SourceOfTruth.swift */ = {isa = PBXFileReference; lastKnownFileType = sourcecode.swift; path = SourceOfTruth.swift; sourceTree = "<group>"; };
		4E54C808266EC7E2001D004A /* StoryTwoBodyView.swift */ = {isa = PBXFileReference; lastKnownFileType = sourcecode.swift; path = StoryTwoBodyView.swift; sourceTree = "<group>"; };
		4E54C80F266EF1A8001D004A /* StoryThreeBodyView.swift */ = {isa = PBXFileReference; lastKnownFileType = sourcecode.swift; path = StoryThreeBodyView.swift; sourceTree = "<group>"; };
		4E54C811266EF1E6001D004A /* StoryViewThree.swift */ = {isa = PBXFileReference; lastKnownFileType = sourcecode.swift; path = StoryViewThree.swift; sourceTree = "<group>"; };
		4E54C814266EF297001D004A /* StoryFourBodyView.swift */ = {isa = PBXFileReference; lastKnownFileType = sourcecode.swift; path = StoryFourBodyView.swift; sourceTree = "<group>"; };
		4E54C816266EF2A6001D004A /* StoryViewFour.swift */ = {isa = PBXFileReference; lastKnownFileType = sourcecode.swift; path = StoryViewFour.swift; sourceTree = "<group>"; };
		4E54C818266FB0D0001D004A /* fmmepOne.json */ = {isa = PBXFileReference; fileEncoding = 4; lastKnownFileType = text.json; path = fmmepOne.json; sourceTree = "<group>"; };
		4E54C81A266FB4BF001D004A /* EpOneModel.swift */ = {isa = PBXFileReference; lastKnownFileType = sourcecode.swift; path = EpOneModel.swift; sourceTree = "<group>"; };
/* End PBXFileReference section */

/* Begin PBXFrameworksBuildPhase section */
		4E54C7D9266E63B5001D004A /* Frameworks */ = {
			isa = PBXFrameworksBuildPhase;
			buildActionMask = 2147483647;
			files = (
			);
			runOnlyForDeploymentPostprocessing = 0;
		};
/* End PBXFrameworksBuildPhase section */

/* Begin PBXGroup section */
		4E2BC007266FC40B00BC7AA1 /* PageOneView */ = {
			isa = PBXGroup;
			children = (
				4E54C7E1266E63B5001D004A /* StoryViewOne.swift */,
				4E54C7FA266E6D04001D004A /* StoryOneBodyView.swift */,
			);
			path = PageOneView;
			sourceTree = "<group>";
		};
		4E2BC008266FCB9800BC7AA1 /* EpisodesView */ = {
			isa = PBXGroup;
			children = (
				4E2BC009266FCBD200BC7AA1 /* EpisodeView.swift */,
				4E2BC005266FC36A00BC7AA1 /* EpisodesBodyView.swift */,
			);
			path = EpisodesView;
			sourceTree = "<group>";
		};
		4E54C7D3266E63B5001D004A = {
			isa = PBXGroup;
			children = (
				4E54C7DE266E63B5001D004A /* FiveMinuteMysteries */,
				4E54C7DD266E63B5001D004A /* Products */,
			);
			sourceTree = "<group>";
		};
		4E54C7DD266E63B5001D004A /* Products */ = {
			isa = PBXGroup;
			children = (
				4E54C7DC266E63B5001D004A /* FiveMinuteMysteries.app */,
			);
			name = Products;
			sourceTree = "<group>";
		};
		4E54C7DE266E63B5001D004A /* FiveMinuteMysteries */ = {
			isa = PBXGroup;
			children = (
				4E54C7F7266E66CD001D004A /* Utility */,
				4E54C7F4266E65AE001D004A /* Extension */,
				4E54C7EF266E63C9001D004A /* Data */,
				4E54C7EE266E63C1001D004A /* Model */,
				4E54C80B266EF12E001D004A /* App */,
				4E54C80C266EF13F001D004A /* Views */,
				4E54C80A266EF11C001D004A /* zOld */,
				4E54C7E3266E63B7001D004A /* Assets.xcassets */,
				4E54C7E8266E63B7001D004A /* Info.plist */,
				4E54C7E5266E63B7001D004A /* Preview Content */,
			);
			path = FiveMinuteMysteries;
			sourceTree = "<group>";
		};
		4E54C7E5266E63B7001D004A /* Preview Content */ = {
			isa = PBXGroup;
			children = (
				4E54C7E6266E63B7001D004A /* Preview Assets.xcassets */,
			);
			path = "Preview Content";
			sourceTree = "<group>";
		};
		4E54C7EE266E63C1001D004A /* Model */ = {
			isa = PBXGroup;
			children = (
				4E54C7F2266E6422001D004A /* TestModel.swift */,
				4E54C81A266FB4BF001D004A /* EpOneModel.swift */,
			);
			path = Model;
			sourceTree = "<group>";
		};
		4E54C7EF266E63C9001D004A /* Data */ = {
			isa = PBXGroup;
			children = (
				4E54C818266FB0D0001D004A /* fmmepOne.json */,
				4E54C7F0266E63E6001D004A /* fmmtest.json */,
			);
			path = Data;
			sourceTree = "<group>";
		};
		4E54C7F4266E65AE001D004A /* Extension */ = {
			isa = PBXGroup;
			children = (
				4E54C7F5266E65C5001D004A /* CodableBundleExtension.swift */,
			);
			path = Extension;
			sourceTree = "<group>";
		};
		4E54C7F7266E66CD001D004A /* Utility */ = {
			isa = PBXGroup;
			children = (
				4E54C7F8266E66D9001D004A /* Constant.swift */,
				4E54C806266EBFAA001D004A /* SourceOfTruth.swift */,
			);
			path = Utility;
			sourceTree = "<group>";
		};
		4E54C80A266EF11C001D004A /* zOld */ = {
			isa = PBXGroup;
			children = (
				4E54C7FC266E6F41001D004A /* QuestionsView.swift */,
				4E54C7FE266E6FD9001D004A /* ChoiceButtonView.swift */,
				4E54C804266E87D3001D004A /* TestPage.swift */,
			);
			path = zOld;
			sourceTree = "<group>";
		};
		4E54C80B266EF12E001D004A /* App */ = {
			isa = PBXGroup;
			children = (
				4E54C7DF266E63B5001D004A /* FiveMinuteMysteriesApp.swift */,
			);
			path = App;
			sourceTree = "<group>";
		};
		4E54C80C266EF13F001D004A /* Views */ = {
			isa = PBXGroup;
			children = (
				4E2BC008266FCB9800BC7AA1 /* EpisodesView */,
				4E2BC007266FC40B00BC7AA1 /* PageOneView */,
				4E54C80D266EF14E001D004A /* PageTwoView */,
				4E54C80E266EF17C001D004A /* PageThreeView */,
				4E54C813266EF279001D004A /* PageFourView */,
			);
			path = Views;
			sourceTree = "<group>";
		};
		4E54C80D266EF14E001D004A /* PageTwoView */ = {
			isa = PBXGroup;
			children = (
				4E54C802266E8359001D004A /* StoryViewTwo.swift */,
				4E54C808266EC7E2001D004A /* StoryTwoBodyView.swift */,
			);
			path = PageTwoView;
			sourceTree = "<group>";
		};
		4E54C80E266EF17C001D004A /* PageThreeView */ = {
			isa = PBXGroup;
			children = (
				4E54C811266EF1E6001D004A /* StoryViewThree.swift */,
				4E54C80F266EF1A8001D004A /* StoryThreeBodyView.swift */,
			);
			path = PageThreeView;
			sourceTree = "<group>";
		};
		4E54C813266EF279001D004A /* PageFourView */ = {
			isa = PBXGroup;
			children = (
				4E54C816266EF2A6001D004A /* StoryViewFour.swift */,
				4E54C814266EF297001D004A /* StoryFourBodyView.swift */,
			);
			path = PageFourView;
			sourceTree = "<group>";
		};
/* End PBXGroup section */

/* Begin PBXNativeTarget section */
		4E54C7DB266E63B5001D004A /* FiveMinuteMysteries */ = {
			isa = PBXNativeTarget;
			buildConfigurationList = 4E54C7EB266E63B7001D004A /* Build configuration list for PBXNativeTarget "FiveMinuteMysteries" */;
			buildPhases = (
				4E54C7D8266E63B5001D004A /* Sources */,
				4E54C7D9266E63B5001D004A /* Frameworks */,
				4E54C7DA266E63B5001D004A /* Resources */,
			);
			buildRules = (
			);
			dependencies = (
			);
			name = FiveMinuteMysteries;
			productName = FiveMinuteMysteries;
			productReference = 4E54C7DC266E63B5001D004A /* FiveMinuteMysteries.app */;
			productType = "com.apple.product-type.application";
		};
/* End PBXNativeTarget section */

/* Begin PBXProject section */
		4E54C7D4266E63B5001D004A /* Project object */ = {
			isa = PBXProject;
			attributes = {
				LastSwiftUpdateCheck = 1250;
				LastUpgradeCheck = 1250;
				TargetAttributes = {
					4E54C7DB266E63B5001D004A = {
						CreatedOnToolsVersion = 12.5;
					};
				};
			};
			buildConfigurationList = 4E54C7D7266E63B5001D004A /* Build configuration list for PBXProject "FiveMinuteMysteries" */;
			compatibilityVersion = "Xcode 9.3";
			developmentRegion = en;
			hasScannedForEncodings = 0;
			knownRegions = (
				en,
				Base,
			);
			mainGroup = 4E54C7D3266E63B5001D004A;
			productRefGroup = 4E54C7DD266E63B5001D004A /* Products */;
			projectDirPath = "";
			projectRoot = "";
			targets = (
				4E54C7DB266E63B5001D004A /* FiveMinuteMysteries */,
			);
		};
/* End PBXProject section */

/* Begin PBXResourcesBuildPhase section */
		4E54C7DA266E63B5001D004A /* Resources */ = {
			isa = PBXResourcesBuildPhase;
			buildActionMask = 2147483647;
			files = (
				4E54C7E7266E63B7001D004A /* Preview Assets.xcassets in Resources */,
				4E54C7E4266E63B7001D004A /* Assets.xcassets in Resources */,
				4E54C819266FB0D0001D004A /* fmmepOne.json in Resources */,
				4E54C7F1266E63E6001D004A /* fmmtest.json in Resources */,
			);
			runOnlyForDeploymentPostprocessing = 0;
		};
/* End PBXResourcesBuildPhase section */

/* Begin PBXSourcesBuildPhase section */
		4E54C7D8266E63B5001D004A /* Sources */ = {
			isa = PBXSourcesBuildPhase;
			buildActionMask = 2147483647;
			files = (
				4E2BC00A266FCBD200BC7AA1 /* EpisodeView.swift in Sources */,
				4E2BC006266FC36A00BC7AA1 /* EpisodesBodyView.swift in Sources */,
				4E54C807266EBFAA001D004A /* SourceOfTruth.swift in Sources */,
				4E54C812266EF1E6001D004A /* StoryViewThree.swift in Sources */,
				4E54C81B266FB4BF001D004A /* EpOneModel.swift in Sources */,
				4E54C7FB266E6D04001D004A /* StoryOneBodyView.swift in Sources */,
				4E54C7FD266E6F41001D004A /* QuestionsView.swift in Sources */,
				4E54C810266EF1A8001D004A /* StoryThreeBodyView.swift in Sources */,
				4E54C7F6266E65C5001D004A /* CodableBundleExtension.swift in Sources */,
				4E54C817266EF2A6001D004A /* StoryViewFour.swift in Sources */,
				4E54C815266EF297001D004A /* StoryFourBodyView.swift in Sources */,
				4E54C7FF266E6FD9001D004A /* ChoiceButtonView.swift in Sources */,
				4E54C7F3266E6422001D004A /* TestModel.swift in Sources */,
				4E54C7F9266E66D9001D004A /* Constant.swift in Sources */,
				4E54C7E2266E63B5001D004A /* StoryViewOne.swift in Sources */,
				4E54C7E0266E63B5001D004A /* FiveMinuteMysteriesApp.swift in Sources */,
				4E54C809266EC7E2001D004A /* StoryTwoBodyView.swift in Sources */,
				4E54C805266E87D3001D004A /* TestPage.swift in Sources */,
				4E54C803266E8359001D004A /* StoryViewTwo.swift in Sources */,
			);
			runOnlyForDeploymentPostprocessing = 0;
		};
/* End PBXSourcesBuildPhase section */

/* Begin XCBuildConfiguration section */
		4E54C7E9266E63B7001D004A /* Debug */ = {
			isa = XCBuildConfiguration;
			buildSettings = {
				ALWAYS_SEARCH_USER_PATHS = NO;
				CLANG_ANALYZER_NONNULL = YES;
				CLANG_ANALYZER_NUMBER_OBJECT_CONVERSION = YES_AGGRESSIVE;
				CLANG_CXX_LANGUAGE_STANDARD = "gnu++14";
				CLANG_CXX_LIBRARY = "libc++";
				CLANG_ENABLE_MODULES = YES;
				CLANG_ENABLE_OBJC_ARC = YES;
				CLANG_ENABLE_OBJC_WEAK = YES;
				CLANG_WARN_BLOCK_CAPTURE_AUTORELEASING = YES;
				CLANG_WARN_BOOL_CONVERSION = YES;
				CLANG_WARN_COMMA = YES;
				CLANG_WARN_CONSTANT_CONVERSION = YES;
				CLANG_WARN_DEPRECATED_OBJC_IMPLEMENTATIONS = YES;
				CLANG_WARN_DIRECT_OBJC_ISA_USAGE = YES_ERROR;
				CLANG_WARN_DOCUMENTATION_COMMENTS = YES;
				CLANG_WARN_EMPTY_BODY = YES;
				CLANG_WARN_ENUM_CONVERSION = YES;
				CLANG_WARN_INFINITE_RECURSION = YES;
				CLANG_WARN_INT_CONVERSION = YES;
				CLANG_WARN_NON_LITERAL_NULL_CONVERSION = YES;
				CLANG_WARN_OBJC_IMPLICIT_RETAIN_SELF = YES;
				CLANG_WARN_OBJC_LITERAL_CONVERSION = YES;
				CLANG_WARN_OBJC_ROOT_CLASS = YES_ERROR;
				CLANG_WARN_QUOTED_INCLUDE_IN_FRAMEWORK_HEADER = YES;
				CLANG_WARN_RANGE_LOOP_ANALYSIS = YES;
				CLANG_WARN_STRICT_PROTOTYPES = YES;
				CLANG_WARN_SUSPICIOUS_MOVE = YES;
				CLANG_WARN_UNGUARDED_AVAILABILITY = YES_AGGRESSIVE;
				CLANG_WARN_UNREACHABLE_CODE = YES;
				CLANG_WARN__DUPLICATE_METHOD_MATCH = YES;
				COPY_PHASE_STRIP = NO;
				DEBUG_INFORMATION_FORMAT = dwarf;
				ENABLE_STRICT_OBJC_MSGSEND = YES;
				ENABLE_TESTABILITY = YES;
				GCC_C_LANGUAGE_STANDARD = gnu11;
				GCC_DYNAMIC_NO_PIC = NO;
				GCC_NO_COMMON_BLOCKS = YES;
				GCC_OPTIMIZATION_LEVEL = 0;
				GCC_PREPROCESSOR_DEFINITIONS = (
					"DEBUG=1",
					"$(inherited)",
				);
				GCC_WARN_64_TO_32_BIT_CONVERSION = YES;
				GCC_WARN_ABOUT_RETURN_TYPE = YES_ERROR;
				GCC_WARN_UNDECLARED_SELECTOR = YES;
				GCC_WARN_UNINITIALIZED_AUTOS = YES_AGGRESSIVE;
				GCC_WARN_UNUSED_FUNCTION = YES;
				GCC_WARN_UNUSED_VARIABLE = YES;
				IPHONEOS_DEPLOYMENT_TARGET = 14.5;
				MTL_ENABLE_DEBUG_INFO = INCLUDE_SOURCE;
				MTL_FAST_MATH = YES;
				ONLY_ACTIVE_ARCH = YES;
				SDKROOT = iphoneos;
				SWIFT_ACTIVE_COMPILATION_CONDITIONS = DEBUG;
				SWIFT_OPTIMIZATION_LEVEL = "-Onone";
			};
			name = Debug;
		};
		4E54C7EA266E63B7001D004A /* Release */ = {
			isa = XCBuildConfiguration;
			buildSettings = {
				ALWAYS_SEARCH_USER_PATHS = NO;
				CLANG_ANALYZER_NONNULL = YES;
				CLANG_ANALYZER_NUMBER_OBJECT_CONVERSION = YES_AGGRESSIVE;
				CLANG_CXX_LANGUAGE_STANDARD = "gnu++14";
				CLANG_CXX_LIBRARY = "libc++";
				CLANG_ENABLE_MODULES = YES;
				CLANG_ENABLE_OBJC_ARC = YES;
				CLANG_ENABLE_OBJC_WEAK = YES;
				CLANG_WARN_BLOCK_CAPTURE_AUTORELEASING = YES;
				CLANG_WARN_BOOL_CONVERSION = YES;
				CLANG_WARN_COMMA = YES;
				CLANG_WARN_CONSTANT_CONVERSION = YES;
				CLANG_WARN_DEPRECATED_OBJC_IMPLEMENTATIONS = YES;
				CLANG_WARN_DIRECT_OBJC_ISA_USAGE = YES_ERROR;
				CLANG_WARN_DOCUMENTATION_COMMENTS = YES;
				CLANG_WARN_EMPTY_BODY = YES;
				CLANG_WARN_ENUM_CONVERSION = YES;
				CLANG_WARN_INFINITE_RECURSION = YES;
				CLANG_WARN_INT_CONVERSION = YES;
				CLANG_WARN_NON_LITERAL_NULL_CONVERSION = YES;
				CLANG_WARN_OBJC_IMPLICIT_RETAIN_SELF = YES;
				CLANG_WARN_OBJC_LITERAL_CONVERSION = YES;
				CLANG_WARN_OBJC_ROOT_CLASS = YES_ERROR;
				CLANG_WARN_QUOTED_INCLUDE_IN_FRAMEWORK_HEADER = YES;
				CLANG_WARN_RANGE_LOOP_ANALYSIS = YES;
				CLANG_WARN_STRICT_PROTOTYPES = YES;
				CLANG_WARN_SUSPICIOUS_MOVE = YES;
				CLANG_WARN_UNGUARDED_AVAILABILITY = YES_AGGRESSIVE;
				CLANG_WARN_UNREACHABLE_CODE = YES;
				CLANG_WARN__DUPLICATE_METHOD_MATCH = YES;
				COPY_PHASE_STRIP = NO;
				DEBUG_INFORMATION_FORMAT = "dwarf-with-dsym";
				ENABLE_NS_ASSERTIONS = NO;
				ENABLE_STRICT_OBJC_MSGSEND = YES;
				GCC_C_LANGUAGE_STANDARD = gnu11;
				GCC_NO_COMMON_BLOCKS = YES;
				GCC_WARN_64_TO_32_BIT_CONVERSION = YES;
				GCC_WARN_ABOUT_RETURN_TYPE = YES_ERROR;
				GCC_WARN_UNDECLARED_SELECTOR = YES;
				GCC_WARN_UNINITIALIZED_AUTOS = YES_AGGRESSIVE;
				GCC_WARN_UNUSED_FUNCTION = YES;
				GCC_WARN_UNUSED_VARIABLE = YES;
				IPHONEOS_DEPLOYMENT_TARGET = 14.5;
				MTL_ENABLE_DEBUG_INFO = NO;
				MTL_FAST_MATH = YES;
				SDKROOT = iphoneos;
				SWIFT_COMPILATION_MODE = wholemodule;
				SWIFT_OPTIMIZATION_LEVEL = "-O";
				VALIDATE_PRODUCT = YES;
			};
			name = Release;
		};
		4E54C7EC266E63B7001D004A /* Debug */ = {
			isa = XCBuildConfiguration;
			buildSettings = {
				ASSETCATALOG_COMPILER_APPICON_NAME = AppIcon;
				ASSETCATALOG_COMPILER_GLOBAL_ACCENT_COLOR_NAME = AccentColor;
				CODE_SIGN_STYLE = Automatic;
				DEVELOPMENT_ASSET_PATHS = "\"FiveMinuteMysteries/Preview Content\"";
				DEVELOPMENT_TEAM = 58XKH6936U;
				ENABLE_PREVIEWS = YES;
				INFOPLIST_FILE = FiveMinuteMysteries/Info.plist;
				IPHONEOS_DEPLOYMENT_TARGET = 14.0;
				LD_RUNPATH_SEARCH_PATHS = (
					"$(inherited)",
					"@executable_path/Frameworks",
				);
				PRODUCT_BUNDLE_IDENTIFIER = com.pompouscatstudios.FiveMinuteMysteries;
				PRODUCT_NAME = "$(TARGET_NAME)";
				SWIFT_VERSION = 5.0;
				TARGETED_DEVICE_FAMILY = "1,2";
			};
			name = Debug;
		};
		4E54C7ED266E63B7001D004A /* Release */ = {
			isa = XCBuildConfiguration;
			buildSettings = {
				ASSETCATALOG_COMPILER_APPICON_NAME = AppIcon;
				ASSETCATALOG_COMPILER_GLOBAL_ACCENT_COLOR_NAME = AccentColor;
				CODE_SIGN_STYLE = Automatic;
				DEVELOPMENT_ASSET_PATHS = "\"FiveMinuteMysteries/Preview Content\"";
				DEVELOPMENT_TEAM = 58XKH6936U;
				ENABLE_PREVIEWS = YES;
				INFOPLIST_FILE = FiveMinuteMysteries/Info.plist;
				IPHONEOS_DEPLOYMENT_TARGET = 14.0;
				LD_RUNPATH_SEARCH_PATHS = (
					"$(inherited)",
					"@executable_path/Frameworks",
				);
				PRODUCT_BUNDLE_IDENTIFIER = com.pompouscatstudios.FiveMinuteMysteries;
				PRODUCT_NAME = "$(TARGET_NAME)";
				SWIFT_VERSION = 5.0;
				TARGETED_DEVICE_FAMILY = "1,2";
			};
			name = Release;
		};
/* End XCBuildConfiguration section */

/* Begin XCConfigurationList section */
		4E54C7D7266E63B5001D004A /* Build configuration list for PBXProject "FiveMinuteMysteries" */ = {
			isa = XCConfigurationList;
			buildConfigurations = (
				4E54C7E9266E63B7001D004A /* Debug */,
				4E54C7EA266E63B7001D004A /* Release */,
			);
			defaultConfigurationIsVisible = 0;
			defaultConfigurationName = Release;
		};
		4E54C7EB266E63B7001D004A /* Build configuration list for PBXNativeTarget "FiveMinuteMysteries" */ = {
			isa = XCConfigurationList;
			buildConfigurations = (
				4E54C7EC266E63B7001D004A /* Debug */,
				4E54C7ED266E63B7001D004A /* Release */,
			);
			defaultConfigurationIsVisible = 0;
			defaultConfigurationName = Release;
		};
/* End XCConfigurationList section */
	};
	rootObject = 4E54C7D4266E63B5001D004A /* Project object */;
}
